// !$*UTF8*$!
{
	archiveVersion = 1;
	classes = {
	};
	objectVersion = 56;
	objects = {

/* Begin PBXBuildFile section */
		651A538A2C3FF4DE00D7EBA9 /* ProfileEditor.swift in Sources */ = {isa = PBXBuildFile; fileRef = 651A53892C3FF4DD00D7EBA9 /* ProfileEditor.swift */; };
		65683F492C3DD95B0066F486 /* WbLesson8App.swift in Sources */ = {isa = PBXBuildFile; fileRef = 65683F482C3DD95B0066F486 /* WbLesson8App.swift */; };
		65683F4D2C3DD95D0066F486 /* Assets.xcassets in Resources */ = {isa = PBXBuildFile; fileRef = 65683F4C2C3DD95D0066F486 /* Assets.xcassets */; };
		65683F502C3DD95D0066F486 /* Preview Assets.xcassets in Resources */ = {isa = PBXBuildFile; fileRef = 65683F4F2C3DD95D0066F486 /* Preview Assets.xcassets */; };
		65683F7D2C3DD9E40066F486 /* Collection+.swift in Sources */ = {isa = PBXBuildFile; fileRef = 65683F562C3DD9E40066F486 /* Collection+.swift */; };
		65683F7E2C3DD9E40066F486 /* Hike.swift in Sources */ = {isa = PBXBuildFile; fileRef = 65683F582C3DD9E40066F486 /* Hike.swift */; };
		65683F7F2C3DD9E40066F486 /* Landmark.swift in Sources */ = {isa = PBXBuildFile; fileRef = 65683F592C3DD9E40066F486 /* Landmark.swift */; };
		65683F802C3DD9E40066F486 /* ModelData.swift in Sources */ = {isa = PBXBuildFile; fileRef = 65683F5A2C3DD9E40066F486 /* ModelData.swift */; };
		65683F812C3DD9E40066F486 /* Profile.swift in Sources */ = {isa = PBXBuildFile; fileRef = 65683F5B2C3DD9E40066F486 /* Profile.swift */; };
		65683F822C3DD9E40066F486 /* hikeData.json in Resources */ = {isa = PBXBuildFile; fileRef = 65683F5D2C3DD9E40066F486 /* hikeData.json */; };
		65683F832C3DD9E40066F486 /* landmarkData.json in Resources */ = {isa = PBXBuildFile; fileRef = 65683F5E2C3DD9E40066F486 /* landmarkData.json */; };
		65683F842C3DD9E40066F486 /* Badge.swift in Sources */ = {isa = PBXBuildFile; fileRef = 65683F602C3DD9E40066F486 /* Badge.swift */; };
		65683F852C3DD9E40066F486 /* BadgeBackground.swift in Sources */ = {isa = PBXBuildFile; fileRef = 65683F612C3DD9E40066F486 /* BadgeBackground.swift */; };
		65683F862C3DD9E40066F486 /* BadgeSymbol.swift in Sources */ = {isa = PBXBuildFile; fileRef = 65683F622C3DD9E40066F486 /* BadgeSymbol.swift */; };
		65683F872C3DD9E40066F486 /* HexagonParameters.swift in Sources */ = {isa = PBXBuildFile; fileRef = 65683F632C3DD9E40066F486 /* HexagonParameters.swift */; };
		65683F882C3DD9E40066F486 /* RotatedBadgeSymbol.swift in Sources */ = {isa = PBXBuildFile; fileRef = 65683F642C3DD9E40066F486 /* RotatedBadgeSymbol.swift */; };
		65683F892C3DD9E40066F486 /* CategoryHome.swift in Sources */ = {isa = PBXBuildFile; fileRef = 65683F662C3DD9E40066F486 /* CategoryHome.swift */; };
		65683F8A2C3DD9E40066F486 /* CategoryItem.swift in Sources */ = {isa = PBXBuildFile; fileRef = 65683F672C3DD9E40066F486 /* CategoryItem.swift */; };
		65683F8B2C3DD9E40066F486 /* CategoryRow.swift in Sources */ = {isa = PBXBuildFile; fileRef = 65683F682C3DD9E40066F486 /* CategoryRow.swift */; };
		65683F8C2C3DD9E40066F486 /* CircleImage.swift in Sources */ = {isa = PBXBuildFile; fileRef = 65683F6A2C3DD9E40066F486 /* CircleImage.swift */; };
		65683F8D2C3DD9E40066F486 /* FavoriteButton.swift in Sources */ = {isa = PBXBuildFile; fileRef = 65683F6B2C3DD9E40066F486 /* FavoriteButton.swift */; };
		65683F8E2C3DD9E40066F486 /* MapView.swift in Sources */ = {isa = PBXBuildFile; fileRef = 65683F6C2C3DD9E40066F486 /* MapView.swift */; };
		65683F8F2C3DD9E40066F486 /* GraphCapsule.swift in Sources */ = {isa = PBXBuildFile; fileRef = 65683F6E2C3DD9E40066F486 /* GraphCapsule.swift */; };
		65683F902C3DD9E40066F486 /* HikeDetail.swift in Sources */ = {isa = PBXBuildFile; fileRef = 65683F6F2C3DD9E40066F486 /* HikeDetail.swift */; };
		65683F912C3DD9E40066F486 /* HikeGraph.swift in Sources */ = {isa = PBXBuildFile; fileRef = 65683F702C3DD9E40066F486 /* HikeGraph.swift */; };
		65683F922C3DD9E40066F486 /* HikeView.swift in Sources */ = {isa = PBXBuildFile; fileRef = 65683F712C3DD9E40066F486 /* HikeView.swift */; };
		65683F932C3DD9E40066F486 /* LandmarkDetail.swift in Sources */ = {isa = PBXBuildFile; fileRef = 65683F732C3DD9E40066F486 /* LandmarkDetail.swift */; };
		65683F942C3DD9E40066F486 /* LandmarkList.swift in Sources */ = {isa = PBXBuildFile; fileRef = 65683F742C3DD9E40066F486 /* LandmarkList.swift */; };
		65683F952C3DD9E40066F486 /* LandmarkRow.swift in Sources */ = {isa = PBXBuildFile; fileRef = 65683F752C3DD9E40066F486 /* LandmarkRow.swift */; };
		65683F962C3DD9E40066F486 /* HikeBadge.swift in Sources */ = {isa = PBXBuildFile; fileRef = 65683F772C3DD9E40066F486 /* HikeBadge.swift */; };
		65683F972C3DD9E40066F486 /* ProfileHost.swift in Sources */ = {isa = PBXBuildFile; fileRef = 65683F782C3DD9E40066F486 /* ProfileHost.swift */; };
		65683F982C3DD9E40066F486 /* ProfileSummary.swift in Sources */ = {isa = PBXBuildFile; fileRef = 65683F792C3DD9E40066F486 /* ProfileSummary.swift */; };
		65683F992C3DD9E40066F486 /* ContentView.swift in Sources */ = {isa = PBXBuildFile; fileRef = 65683F7B2C3DD9E40066F486 /* ContentView.swift */; };
/* End PBXBuildFile section */

/* Begin PBXFileReference section */
		651A53892C3FF4DD00D7EBA9 /* ProfileEditor.swift */ = {isa = PBXFileReference; lastKnownFileType = sourcecode.swift; path = ProfileEditor.swift; sourceTree = "<group>"; };
		65683F452C3DD95B0066F486 /* WbLesson8.app */ = {isa = PBXFileReference; explicitFileType = wrapper.application; includeInIndex = 0; path = WbLesson8.app; sourceTree = BUILT_PRODUCTS_DIR; };
		65683F482C3DD95B0066F486 /* WbLesson8App.swift */ = {isa = PBXFileReference; lastKnownFileType = sourcecode.swift; path = WbLesson8App.swift; sourceTree = "<group>"; };
		65683F4C2C3DD95D0066F486 /* Assets.xcassets */ = {isa = PBXFileReference; lastKnownFileType = folder.assetcatalog; path = Assets.xcassets; sourceTree = "<group>"; };
		65683F4F2C3DD95D0066F486 /* Preview Assets.xcassets */ = {isa = PBXFileReference; lastKnownFileType = folder.assetcatalog; path = "Preview Assets.xcassets"; sourceTree = "<group>"; };
		65683F562C3DD9E40066F486 /* Collection+.swift */ = {isa = PBXFileReference; fileEncoding = 4; lastKnownFileType = sourcecode.swift; path = "Collection+.swift"; sourceTree = "<group>"; };
		65683F582C3DD9E40066F486 /* Hike.swift */ = {isa = PBXFileReference; fileEncoding = 4; lastKnownFileType = sourcecode.swift; path = Hike.swift; sourceTree = "<group>"; };
		65683F592C3DD9E40066F486 /* Landmark.swift */ = {isa = PBXFileReference; fileEncoding = 4; lastKnownFileType = sourcecode.swift; path = Landmark.swift; sourceTree = "<group>"; };
		65683F5A2C3DD9E40066F486 /* ModelData.swift */ = {isa = PBXFileReference; fileEncoding = 4; lastKnownFileType = sourcecode.swift; path = ModelData.swift; sourceTree = "<group>"; };
		65683F5B2C3DD9E40066F486 /* Profile.swift */ = {isa = PBXFileReference; fileEncoding = 4; lastKnownFileType = sourcecode.swift; path = Profile.swift; sourceTree = "<group>"; };
		65683F5D2C3DD9E40066F486 /* hikeData.json */ = {isa = PBXFileReference; fileEncoding = 4; lastKnownFileType = text.json; path = hikeData.json; sourceTree = "<group>"; };
		65683F5E2C3DD9E40066F486 /* landmarkData.json */ = {isa = PBXFileReference; fileEncoding = 4; lastKnownFileType = text.json; path = landmarkData.json; sourceTree = "<group>"; };
		65683F602C3DD9E40066F486 /* Badge.swift */ = {isa = PBXFileReference; fileEncoding = 4; lastKnownFileType = sourcecode.swift; path = Badge.swift; sourceTree = "<group>"; };
		65683F612C3DD9E40066F486 /* BadgeBackground.swift */ = {isa = PBXFileReference; fileEncoding = 4; lastKnownFileType = sourcecode.swift; path = BadgeBackground.swift; sourceTree = "<group>"; };
		65683F622C3DD9E40066F486 /* BadgeSymbol.swift */ = {isa = PBXFileReference; fileEncoding = 4; lastKnownFileType = sourcecode.swift; path = BadgeSymbol.swift; sourceTree = "<group>"; };
		65683F632C3DD9E40066F486 /* HexagonParameters.swift */ = {isa = PBXFileReference; fileEncoding = 4; lastKnownFileType = sourcecode.swift; path = HexagonParameters.swift; sourceTree = "<group>"; };
		65683F642C3DD9E40066F486 /* RotatedBadgeSymbol.swift */ = {isa = PBXFileReference; fileEncoding = 4; lastKnownFileType = sourcecode.swift; path = RotatedBadgeSymbol.swift; sourceTree = "<group>"; };
		65683F662C3DD9E40066F486 /* CategoryHome.swift */ = {isa = PBXFileReference; fileEncoding = 4; lastKnownFileType = sourcecode.swift; path = CategoryHome.swift; sourceTree = "<group>"; };
		65683F672C3DD9E40066F486 /* CategoryItem.swift */ = {isa = PBXFileReference; fileEncoding = 4; lastKnownFileType = sourcecode.swift; path = CategoryItem.swift; sourceTree = "<group>"; };
		65683F682C3DD9E40066F486 /* CategoryRow.swift */ = {isa = PBXFileReference; fileEncoding = 4; lastKnownFileType = sourcecode.swift; path = CategoryRow.swift; sourceTree = "<group>"; };
		65683F6A2C3DD9E40066F486 /* CircleImage.swift */ = {isa = PBXFileReference; fileEncoding = 4; lastKnownFileType = sourcecode.swift; path = CircleImage.swift; sourceTree = "<group>"; };
		65683F6B2C3DD9E40066F486 /* FavoriteButton.swift */ = {isa = PBXFileReference; fileEncoding = 4; lastKnownFileType = sourcecode.swift; path = FavoriteButton.swift; sourceTree = "<group>"; };
		65683F6C2C3DD9E40066F486 /* MapView.swift */ = {isa = PBXFileReference; fileEncoding = 4; lastKnownFileType = sourcecode.swift; path = MapView.swift; sourceTree = "<group>"; };
		65683F6E2C3DD9E40066F486 /* GraphCapsule.swift */ = {isa = PBXFileReference; fileEncoding = 4; lastKnownFileType = sourcecode.swift; path = GraphCapsule.swift; sourceTree = "<group>"; };
		65683F6F2C3DD9E40066F486 /* HikeDetail.swift */ = {isa = PBXFileReference; fileEncoding = 4; lastKnownFileType = sourcecode.swift; path = HikeDetail.swift; sourceTree = "<group>"; };
		65683F702C3DD9E40066F486 /* HikeGraph.swift */ = {isa = PBXFileReference; fileEncoding = 4; lastKnownFileType = sourcecode.swift; path = HikeGraph.swift; sourceTree = "<group>"; };
		65683F712C3DD9E40066F486 /* HikeView.swift */ = {isa = PBXFileReference; fileEncoding = 4; lastKnownFileType = sourcecode.swift; path = HikeView.swift; sourceTree = "<group>"; };
		65683F732C3DD9E40066F486 /* LandmarkDetail.swift */ = {isa = PBXFileReference; fileEncoding = 4; lastKnownFileType = sourcecode.swift; path = LandmarkDetail.swift; sourceTree = "<group>"; };
		65683F742C3DD9E40066F486 /* LandmarkList.swift */ = {isa = PBXFileReference; fileEncoding = 4; lastKnownFileType = sourcecode.swift; path = LandmarkList.swift; sourceTree = "<group>"; };
		65683F752C3DD9E40066F486 /* LandmarkRow.swift */ = {isa = PBXFileReference; fileEncoding = 4; lastKnownFileType = sourcecode.swift; path = LandmarkRow.swift; sourceTree = "<group>"; };
		65683F772C3DD9E40066F486 /* HikeBadge.swift */ = {isa = PBXFileReference; fileEncoding = 4; lastKnownFileType = sourcecode.swift; path = HikeBadge.swift; sourceTree = "<group>"; };
		65683F782C3DD9E40066F486 /* ProfileHost.swift */ = {isa = PBXFileReference; fileEncoding = 4; lastKnownFileType = sourcecode.swift; path = ProfileHost.swift; sourceTree = "<group>"; };
		65683F792C3DD9E40066F486 /* ProfileSummary.swift */ = {isa = PBXFileReference; fileEncoding = 4; lastKnownFileType = sourcecode.swift; path = ProfileSummary.swift; sourceTree = "<group>"; };
		65683F7B2C3DD9E40066F486 /* ContentView.swift */ = {isa = PBXFileReference; fileEncoding = 4; lastKnownFileType = sourcecode.swift; path = ContentView.swift; sourceTree = "<group>"; };
/* End PBXFileReference section */

/* Begin PBXFrameworksBuildPhase section */
		65683F422C3DD95B0066F486 /* Frameworks */ = {
			isa = PBXFrameworksBuildPhase;
			buildActionMask = 2147483647;
			files = (
			);
			runOnlyForDeploymentPostprocessing = 0;
		};
/* End PBXFrameworksBuildPhase section */

/* Begin PBXGroup section */
		65683F3C2C3DD95B0066F486 = {
			isa = PBXGroup;
			children = (
				65683F472C3DD95B0066F486 /* WbLesson8 */,
				65683F462C3DD95B0066F486 /* Products */,
			);
			sourceTree = "<group>";
		};
		65683F462C3DD95B0066F486 /* Products */ = {
			isa = PBXGroup;
			children = (
				65683F452C3DD95B0066F486 /* WbLesson8.app */,
			);
			name = Products;
			sourceTree = "<group>";
		};
		65683F472C3DD95B0066F486 /* WbLesson8 */ = {
			isa = PBXGroup;
			children = (
				65683F572C3DD9E40066F486 /* Extensions */,
				65683F5C2C3DD9E40066F486 /* Model */,
				65683F5F2C3DD9E40066F486 /* Resources */,
				65683F7C2C3DD9E40066F486 /* Views */,
				65683F482C3DD95B0066F486 /* WbLesson8App.swift */,
				65683F4C2C3DD95D0066F486 /* Assets.xcassets */,
				65683F4E2C3DD95D0066F486 /* Preview Content */,
			);
			path = WbLesson8;
			sourceTree = "<group>";
		};
		65683F4E2C3DD95D0066F486 /* Preview Content */ = {
			isa = PBXGroup;
			children = (
				65683F4F2C3DD95D0066F486 /* Preview Assets.xcassets */,
			);
			path = "Preview Content";
			sourceTree = "<group>";
		};
		65683F572C3DD9E40066F486 /* Extensions */ = {
			isa = PBXGroup;
			children = (
				65683F562C3DD9E40066F486 /* Collection+.swift */,
			);
			path = Extensions;
			sourceTree = "<group>";
		};
		65683F5C2C3DD9E40066F486 /* Model */ = {
			isa = PBXGroup;
			children = (
				65683F582C3DD9E40066F486 /* Hike.swift */,
				65683F592C3DD9E40066F486 /* Landmark.swift */,
				65683F5A2C3DD9E40066F486 /* ModelData.swift */,
				65683F5B2C3DD9E40066F486 /* Profile.swift */,
			);
			path = Model;
			sourceTree = "<group>";
		};
		65683F5F2C3DD9E40066F486 /* Resources */ = {
			isa = PBXGroup;
			children = (
				65683F5D2C3DD9E40066F486 /* hikeData.json */,
				65683F5E2C3DD9E40066F486 /* landmarkData.json */,
			);
			path = Resources;
			sourceTree = "<group>";
		};
		65683F652C3DD9E40066F486 /* Badges */ = {
			isa = PBXGroup;
			children = (
				65683F602C3DD9E40066F486 /* Badge.swift */,
				65683F612C3DD9E40066F486 /* BadgeBackground.swift */,
				65683F622C3DD9E40066F486 /* BadgeSymbol.swift */,
				65683F632C3DD9E40066F486 /* HexagonParameters.swift */,
				65683F642C3DD9E40066F486 /* RotatedBadgeSymbol.swift */,
			);
			path = Badges;
			sourceTree = "<group>";
		};
		65683F692C3DD9E40066F486 /* Categories */ = {
			isa = PBXGroup;
			children = (
				65683F662C3DD9E40066F486 /* CategoryHome.swift */,
				65683F672C3DD9E40066F486 /* CategoryItem.swift */,
				65683F682C3DD9E40066F486 /* CategoryRow.swift */,
			);
			path = Categories;
			sourceTree = "<group>";
		};
		65683F6D2C3DD9E40066F486 /* Helpers */ = {
			isa = PBXGroup;
			children = (
				65683F6A2C3DD9E40066F486 /* CircleImage.swift */,
				65683F6B2C3DD9E40066F486 /* FavoriteButton.swift */,
				65683F6C2C3DD9E40066F486 /* MapView.swift */,
			);
			path = Helpers;
			sourceTree = "<group>";
		};
		65683F722C3DD9E40066F486 /* Hikes */ = {
			isa = PBXGroup;
			children = (
				65683F6E2C3DD9E40066F486 /* GraphCapsule.swift */,
				65683F6F2C3DD9E40066F486 /* HikeDetail.swift */,
				65683F702C3DD9E40066F486 /* HikeGraph.swift */,
				65683F712C3DD9E40066F486 /* HikeView.swift */,
			);
			path = Hikes;
			sourceTree = "<group>";
		};
		65683F762C3DD9E40066F486 /* Landmarks */ = {
			isa = PBXGroup;
			children = (
				65683F732C3DD9E40066F486 /* LandmarkDetail.swift */,
				65683F742C3DD9E40066F486 /* LandmarkList.swift */,
				65683F752C3DD9E40066F486 /* LandmarkRow.swift */,
			);
			path = Landmarks;
			sourceTree = "<group>";
		};
		65683F7A2C3DD9E40066F486 /* Profile */ = {
			isa = PBXGroup;
			children = (
				65683F772C3DD9E40066F486 /* HikeBadge.swift */,
				65683F782C3DD9E40066F486 /* ProfileHost.swift */,
				651A53892C3FF4DD00D7EBA9 /* ProfileEditor.swift */,
				65683F792C3DD9E40066F486 /* ProfileSummary.swift */,
			);
			path = Profile;
			sourceTree = "<group>";
		};
		65683F7C2C3DD9E40066F486 /* Views */ = {
			isa = PBXGroup;
			children = (
				65683F652C3DD9E40066F486 /* Badges */,
				65683F692C3DD9E40066F486 /* Categories */,
				65683F6D2C3DD9E40066F486 /* Helpers */,
				65683F722C3DD9E40066F486 /* Hikes */,
				65683F762C3DD9E40066F486 /* Landmarks */,
				65683F7A2C3DD9E40066F486 /* Profile */,
				65683F7B2C3DD9E40066F486 /* ContentView.swift */,
			);
			path = Views;
			sourceTree = "<group>";
		};
/* End PBXGroup section */

/* Begin PBXNativeTarget section */
		65683F442C3DD95B0066F486 /* WbLesson8 */ = {
			isa = PBXNativeTarget;
			buildConfigurationList = 65683F532C3DD95D0066F486 /* Build configuration list for PBXNativeTarget "WbLesson8" */;
			buildPhases = (
				65683F412C3DD95B0066F486 /* Sources */,
				65683F422C3DD95B0066F486 /* Frameworks */,
				65683F432C3DD95B0066F486 /* Resources */,
			);
			buildRules = (
			);
			dependencies = (
			);
			name = WbLesson8;
			productName = WbLesson8;
			productReference = 65683F452C3DD95B0066F486 /* WbLesson8.app */;
			productType = "com.apple.product-type.application";
		};
/* End PBXNativeTarget section */

/* Begin PBXProject section */
		65683F3D2C3DD95B0066F486 /* Project object */ = {
			isa = PBXProject;
			attributes = {
				BuildIndependentTargetsInParallel = 1;
				LastSwiftUpdateCheck = 1540;
				LastUpgradeCheck = 1540;
				TargetAttributes = {
					65683F442C3DD95B0066F486 = {
						CreatedOnToolsVersion = 15.4;
					};
				};
			};
			buildConfigurationList = 65683F402C3DD95B0066F486 /* Build configuration list for PBXProject "WbLesson8" */;
			compatibilityVersion = "Xcode 14.0";
			developmentRegion = en;
			hasScannedForEncodings = 0;
			knownRegions = (
				en,
				Base,
			);
			mainGroup = 65683F3C2C3DD95B0066F486;
			productRefGroup = 65683F462C3DD95B0066F486 /* Products */;
			projectDirPath = "";
			projectRoot = "";
			targets = (
				65683F442C3DD95B0066F486 /* WbLesson8 */,
			);
		};
/* End PBXProject section */

/* Begin PBXResourcesBuildPhase section */
		65683F432C3DD95B0066F486 /* Resources */ = {
			isa = PBXResourcesBuildPhase;
			buildActionMask = 2147483647;
			files = (
				65683F502C3DD95D0066F486 /* Preview Assets.xcassets in Resources */,
				65683F832C3DD9E40066F486 /* landmarkData.json in Resources */,
				65683F822C3DD9E40066F486 /* hikeData.json in Resources */,
				65683F4D2C3DD95D0066F486 /* Assets.xcassets in Resources */,
			);
			runOnlyForDeploymentPostprocessing = 0;
		};
/* End PBXResourcesBuildPhase section */

/* Begin PBXSourcesBuildPhase section */
		65683F412C3DD95B0066F486 /* Sources */ = {
			isa = PBXSourcesBuildPhase;
			buildActionMask = 2147483647;
			files = (
				65683F872C3DD9E40066F486 /* HexagonParameters.swift in Sources */,
				65683F842C3DD9E40066F486 /* Badge.swift in Sources */,
				65683F992C3DD9E40066F486 /* ContentView.swift in Sources */,
				65683F882C3DD9E40066F486 /* RotatedBadgeSymbol.swift in Sources */,
				65683F7E2C3DD9E40066F486 /* Hike.swift in Sources */,
				65683F8B2C3DD9E40066F486 /* CategoryRow.swift in Sources */,
				65683F972C3DD9E40066F486 /* ProfileHost.swift in Sources */,
				65683F892C3DD9E40066F486 /* CategoryHome.swift in Sources */,
				65683F862C3DD9E40066F486 /* BadgeSymbol.swift in Sources */,
				65683F902C3DD9E40066F486 /* HikeDetail.swift in Sources */,
				65683F812C3DD9E40066F486 /* Profile.swift in Sources */,
				65683F852C3DD9E40066F486 /* BadgeBackground.swift in Sources */,
				65683F982C3DD9E40066F486 /* ProfileSummary.swift in Sources */,
				651A538A2C3FF4DE00D7EBA9 /* ProfileEditor.swift in Sources */,
				65683F962C3DD9E40066F486 /* HikeBadge.swift in Sources */,
				65683F932C3DD9E40066F486 /* LandmarkDetail.swift in Sources */,
				65683F8E2C3DD9E40066F486 /* MapView.swift in Sources */,
				65683F8A2C3DD9E40066F486 /* CategoryItem.swift in Sources */,
				65683F492C3DD95B0066F486 /* WbLesson8App.swift in Sources */,
				65683F952C3DD9E40066F486 /* LandmarkRow.swift in Sources */,
				65683F912C3DD9E40066F486 /* HikeGraph.swift in Sources */,
				65683F8D2C3DD9E40066F486 /* FavoriteButton.swift in Sources */,
				65683F802C3DD9E40066F486 /* ModelData.swift in Sources */,
				65683F922C3DD9E40066F486 /* HikeView.swift in Sources */,
				65683F8F2C3DD9E40066F486 /* GraphCapsule.swift in Sources */,
				65683F7D2C3DD9E40066F486 /* Collection+.swift in Sources */,
				65683F942C3DD9E40066F486 /* LandmarkList.swift in Sources */,
				65683F7F2C3DD9E40066F486 /* Landmark.swift in Sources */,
				65683F8C2C3DD9E40066F486 /* CircleImage.swift in Sources */,
			);
			runOnlyForDeploymentPostprocessing = 0;
		};
/* End PBXSourcesBuildPhase section */

/* Begin XCBuildConfiguration section */
		65683F512C3DD95D0066F486 /* Debug */ = {
			isa = XCBuildConfiguration;
			buildSettings = {
				ALWAYS_SEARCH_USER_PATHS = NO;
				ASSETCATALOG_COMPILER_GENERATE_SWIFT_ASSET_SYMBOL_EXTENSIONS = YES;
				CLANG_ANALYZER_NONNULL = YES;
				CLANG_ANALYZER_NUMBER_OBJECT_CONVERSION = YES_AGGRESSIVE;
				CLANG_CXX_LANGUAGE_STANDARD = "gnu++20";
				CLANG_ENABLE_MODULES = YES;
				CLANG_ENABLE_OBJC_ARC = YES;
				CLANG_ENABLE_OBJC_WEAK = YES;
				CLANG_WARN_BLOCK_CAPTURE_AUTORELEASING = YES;
				CLANG_WARN_BOOL_CONVERSION = YES;
				CLANG_WARN_COMMA = YES;
				CLANG_WARN_CONSTANT_CONVERSION = YES;
				CLANG_WARN_DEPRECATED_OBJC_IMPLEMENTATIONS = YES;
				CLANG_WARN_DIRECT_OBJC_ISA_USAGE = YES_ERROR;
				CLANG_WARN_DOCUMENTATION_COMMENTS = YES;
				CLANG_WARN_EMPTY_BODY = YES;
				CLANG_WARN_ENUM_CONVERSION = YES;
				CLANG_WARN_INFINITE_RECURSION = YES;
				CLANG_WARN_INT_CONVERSION = YES;
				CLANG_WARN_NON_LITERAL_NULL_CONVERSION = YES;
				CLANG_WARN_OBJC_IMPLICIT_RETAIN_SELF = YES;
				CLANG_WARN_OBJC_LITERAL_CONVERSION = YES;
				CLANG_WARN_OBJC_ROOT_CLASS = YES_ERROR;
				CLANG_WARN_QUOTED_INCLUDE_IN_FRAMEWORK_HEADER = YES;
				CLANG_WARN_RANGE_LOOP_ANALYSIS = YES;
				CLANG_WARN_STRICT_PROTOTYPES = YES;
				CLANG_WARN_SUSPICIOUS_MOVE = YES;
				CLANG_WARN_UNGUARDED_AVAILABILITY = YES_AGGRESSIVE;
				CLANG_WARN_UNREACHABLE_CODE = YES;
				CLANG_WARN__DUPLICATE_METHOD_MATCH = YES;
				COPY_PHASE_STRIP = NO;
				DEBUG_INFORMATION_FORMAT = dwarf;
				ENABLE_STRICT_OBJC_MSGSEND = YES;
				ENABLE_TESTABILITY = YES;
				ENABLE_USER_SCRIPT_SANDBOXING = YES;
				GCC_C_LANGUAGE_STANDARD = gnu17;
				GCC_DYNAMIC_NO_PIC = NO;
				GCC_NO_COMMON_BLOCKS = YES;
				GCC_OPTIMIZATION_LEVEL = 0;
				GCC_PREPROCESSOR_DEFINITIONS = (
					"DEBUG=1",
					"$(inherited)",
				);
				GCC_WARN_64_TO_32_BIT_CONVERSION = YES;
				GCC_WARN_ABOUT_RETURN_TYPE = YES_ERROR;
				GCC_WARN_UNDECLARED_SELECTOR = YES;
				GCC_WARN_UNINITIALIZED_AUTOS = YES_AGGRESSIVE;
				GCC_WARN_UNUSED_FUNCTION = YES;
				GCC_WARN_UNUSED_VARIABLE = YES;
				IPHONEOS_DEPLOYMENT_TARGET = 17.5;
				LOCALIZATION_PREFERS_STRING_CATALOGS = YES;
				MTL_ENABLE_DEBUG_INFO = INCLUDE_SOURCE;
				MTL_FAST_MATH = YES;
				ONLY_ACTIVE_ARCH = YES;
				SDKROOT = iphoneos;
				SWIFT_ACTIVE_COMPILATION_CONDITIONS = "DEBUG $(inherited)";
				SWIFT_OPTIMIZATION_LEVEL = "-Onone";
			};
			name = Debug;
		};
		65683F522C3DD95D0066F486 /* Release */ = {
			isa = XCBuildConfiguration;
			buildSettings = {
				ALWAYS_SEARCH_USER_PATHS = NO;
				ASSETCATALOG_COMPILER_GENERATE_SWIFT_ASSET_SYMBOL_EXTENSIONS = YES;
				CLANG_ANALYZER_NONNULL = YES;
				CLANG_ANALYZER_NUMBER_OBJECT_CONVERSION = YES_AGGRESSIVE;
				CLANG_CXX_LANGUAGE_STANDARD = "gnu++20";
				CLANG_ENABLE_MODULES = YES;
				CLANG_ENABLE_OBJC_ARC = YES;
				CLANG_ENABLE_OBJC_WEAK = YES;
				CLANG_WARN_BLOCK_CAPTURE_AUTORELEASING = YES;
				CLANG_WARN_BOOL_CONVERSION = YES;
				CLANG_WARN_COMMA = YES;
				CLANG_WARN_CONSTANT_CONVERSION = YES;
				CLANG_WARN_DEPRECATED_OBJC_IMPLEMENTATIONS = YES;
				CLANG_WARN_DIRECT_OBJC_ISA_USAGE = YES_ERROR;
				CLANG_WARN_DOCUMENTATION_COMMENTS = YES;
				CLANG_WARN_EMPTY_BODY = YES;
				CLANG_WARN_ENUM_CONVERSION = YES;
				CLANG_WARN_INFINITE_RECURSION = YES;
				CLANG_WARN_INT_CONVERSION = YES;
				CLANG_WARN_NON_LITERAL_NULL_CONVERSION = YES;
				CLANG_WARN_OBJC_IMPLICIT_RETAIN_SELF = YES;
				CLANG_WARN_OBJC_LITERAL_CONVERSION = YES;
				CLANG_WARN_OBJC_ROOT_CLASS = YES_ERROR;
				CLANG_WARN_QUOTED_INCLUDE_IN_FRAMEWORK_HEADER = YES;
				CLANG_WARN_RANGE_LOOP_ANALYSIS = YES;
				CLANG_WARN_STRICT_PROTOTYPES = YES;
				CLANG_WARN_SUSPICIOUS_MOVE = YES;
				CLANG_WARN_UNGUARDED_AVAILABILITY = YES_AGGRESSIVE;
				CLANG_WARN_UNREACHABLE_CODE = YES;
				CLANG_WARN__DUPLICATE_METHOD_MATCH = YES;
				COPY_PHASE_STRIP = NO;
				DEBUG_INFORMATION_FORMAT = "dwarf-with-dsym";
				ENABLE_NS_ASSERTIONS = NO;
				ENABLE_STRICT_OBJC_MSGSEND = YES;
				ENABLE_USER_SCRIPT_SANDBOXING = YES;
				GCC_C_LANGUAGE_STANDARD = gnu17;
				GCC_NO_COMMON_BLOCKS = YES;
				GCC_WARN_64_TO_32_BIT_CONVERSION = YES;
				GCC_WARN_ABOUT_RETURN_TYPE = YES_ERROR;
				GCC_WARN_UNDECLARED_SELECTOR = YES;
				GCC_WARN_UNINITIALIZED_AUTOS = YES_AGGRESSIVE;
				GCC_WARN_UNUSED_FUNCTION = YES;
				GCC_WARN_UNUSED_VARIABLE = YES;
				IPHONEOS_DEPLOYMENT_TARGET = 17.5;
				LOCALIZATION_PREFERS_STRING_CATALOGS = YES;
				MTL_ENABLE_DEBUG_INFO = NO;
				MTL_FAST_MATH = YES;
				SDKROOT = iphoneos;
				SWIFT_COMPILATION_MODE = wholemodule;
				VALIDATE_PRODUCT = YES;
			};
			name = Release;
		};
		65683F542C3DD95D0066F486 /* Debug */ = {
			isa = XCBuildConfiguration;
			buildSettings = {
				ASSETCATALOG_COMPILER_APPICON_NAME = AppIcon;
				ASSETCATALOG_COMPILER_GLOBAL_ACCENT_COLOR_NAME = AccentColor;
				CODE_SIGN_STYLE = Automatic;
				CURRENT_PROJECT_VERSION = 1;
				DEVELOPMENT_ASSET_PATHS = "\"WbLesson8/Preview Content\"";
				ENABLE_PREVIEWS = YES;
				GENERATE_INFOPLIST_FILE = YES;
				INFOPLIST_KEY_UIApplicationSceneManifest_Generation = YES;
				INFOPLIST_KEY_UIApplicationSupportsIndirectInputEvents = YES;
				INFOPLIST_KEY_UILaunchScreen_Generation = YES;
				INFOPLIST_KEY_UISupportedInterfaceOrientations_iPad = "UIInterfaceOrientationPortrait UIInterfaceOrientationPortraitUpsideDown UIInterfaceOrientationLandscapeLeft UIInterfaceOrientationLandscapeRight";
				INFOPLIST_KEY_UISupportedInterfaceOrientations_iPhone = "UIInterfaceOrientationPortrait UIInterfaceOrientationLandscapeLeft UIInterfaceOrientationLandscapeRight";
				LD_RUNPATH_SEARCH_PATHS = (
					"$(inherited)",
					"@executable_path/Frameworks",
				);
				MARKETING_VERSION = 1.0;
				PRODUCT_BUNDLE_IDENTIFIER = App.WbLesson8;
				PRODUCT_NAME = "$(TARGET_NAME)";
				SWIFT_EMIT_LOC_STRINGS = YES;
				SWIFT_VERSION = 5.0;
				TARGETED_DEVICE_FAMILY = "1,2";
			};
			name = Debug;
		};
		65683F552C3DD95D0066F486 /* Release */ = {
			isa = XCBuildConfiguration;
			buildSettings = {
				ASSETCATALOG_COMPILER_APPICON_NAME = AppIcon;
				ASSETCATALOG_COMPILER_GLOBAL_ACCENT_COLOR_NAME = AccentColor;
				CODE_SIGN_STYLE = Automatic;
				CURRENT_PROJECT_VERSION = 1;
				DEVELOPMENT_ASSET_PATHS = "\"WbLesson8/Preview Content\"";
				ENABLE_PREVIEWS = YES;
				GENERATE_INFOPLIST_FILE = YES;
				INFOPLIST_KEY_UIApplicationSceneManifest_Generation = YES;
				INFOPLIST_KEY_UIApplicationSupportsIndirectInputEvents = YES;
				INFOPLIST_KEY_UILaunchScreen_Generation = YES;
				INFOPLIST_KEY_UISupportedInterfaceOrientations_iPad = "UIInterfaceOrientationPortrait UIInterfaceOrientationPortraitUpsideDown UIInterfaceOrientationLandscapeLeft UIInterfaceOrientationLandscapeRight";
				INFOPLIST_KEY_UISupportedInterfaceOrientations_iPhone = "UIInterfaceOrientationPortrait UIInterfaceOrientationLandscapeLeft UIInterfaceOrientationLandscapeRight";
				LD_RUNPATH_SEARCH_PATHS = (
					"$(inherited)",
					"@executable_path/Frameworks",
				);
				MARKETING_VERSION = 1.0;
				PRODUCT_BUNDLE_IDENTIFIER = App.WbLesson8;
				PRODUCT_NAME = "$(TARGET_NAME)";
				SWIFT_EMIT_LOC_STRINGS = YES;
				SWIFT_VERSION = 5.0;
				TARGETED_DEVICE_FAMILY = "1,2";
			};
			name = Release;
		};
/* End XCBuildConfiguration section */

/* Begin XCConfigurationList section */
		65683F402C3DD95B0066F486 /* Build configuration list for PBXProject "WbLesson8" */ = {
			isa = XCConfigurationList;
			buildConfigurations = (
				65683F512C3DD95D0066F486 /* Debug */,
				65683F522C3DD95D0066F486 /* Release */,
			);
			defaultConfigurationIsVisible = 0;
			defaultConfigurationName = Release;
		};
		65683F532C3DD95D0066F486 /* Build configuration list for PBXNativeTarget "WbLesson8" */ = {
			isa = XCConfigurationList;
			buildConfigurations = (
				65683F542C3DD95D0066F486 /* Debug */,
				65683F552C3DD95D0066F486 /* Release */,
			);
			defaultConfigurationIsVisible = 0;
			defaultConfigurationName = Release;
		};
/* End XCConfigurationList section */
	};
	rootObject = 65683F3D2C3DD95B0066F486 /* Project object */;
}
